
Microsoft Visual Studio Solution File, Format Version 10.00
# Visual C++ Express 2008
Project("{8BC9CEB8-8B4A-11D0-8D11-00A0C91BC942}") = "Asteroid", "Asteroid\Asteroid.vcproj", "{EEBC3A48-4A81-4219-A018-13D447C3D6B7}"
EndProject
Global
	GlobalSection(SolutionConfigurationPlatforms) = preSolution
		Debug|Win32 = Debug|Win32
		Release|Win32 = Release|Win32
	EndGlobalSection
	GlobalSection(ProjectConfigurationPlatforms) = postSolution
		{EEBC3A48-4A81-4219-A018-13D447C3D6B7}.Debug|Win32.ActiveCfg = Debug|Win32
		{EEBC3A48-4A81-4219-A018-13D447C3D6B7}.Debug|Win32.Build.0 = Debug|Win32
		{EEBC3A48-4A81-4219-A018-13D447C3D6B7}.Release|Win32.ActiveCfg = Release|Win32
		{EEBC3A48-4A81-4219-A018-13D447C3D6B7}.Release|Win32.Build.0 = Release|Win32
	EndGlobalSection
	GlobalSection(SolutionProperties) = preSolution
		HideSolutionNode = FALSE
	EndGlobalSection
EndGlobal
